
Microsoft Visual Studio Solution File, Format Version 12.00
# Visual Studio 15
VisualStudioVersion = 15.0.27428.2037
MinimumVisualStudioVersion = 10.0.40219.1
Project("{2150E333-8FDC-42A3-9474-1A3956D46DE8}") = "Infrastructure", "Infrastructure", "{5A9A3204-B8DA-4EB4-A3B7-4B1F69D3CBB5}"
EndProject
Project("{FAE04EC0-301F-11D3-BF4B-00C04F79EFBC}") = "Isaac.Infrastructure.Common", "Isaac.Infrastructure.Common\Isaac.Infrastructure.Common.csproj", "{033601D3-5160-43C7-B47A-BAED8CAF4597}"
EndProject
Project("{2150E333-8FDC-42A3-9474-1A3956D46DE8}") = "Apps", "Apps", "{5E94EB2E-FC27-4A1C-A2F7-EDB804EC73B3}"
EndProject
Project("{FAE04EC0-301F-11D3-BF4B-00C04F79EFBC}") = "Isaac.App.Framework", "Isaac.App.Framework\Isaac.App.Framework.csproj", "{403E4106-EB2A-422C-9289-072F06881C18}"
EndProject
Project("{FAE04EC0-301F-11D3-BF4B-00C04F79EFBC}") = "Isaac.Infrastructure.Interfaces", "Isaac.Infrastructure.Interfaces\Isaac.Infrastructure.Interfaces.csproj", "{0593015B-B826-4FA8-B7B5-08531362FAEB}"
EndProject
Project("{FAE04EC0-301F-11D3-BF4B-00C04F79EFBC}") = "Isaac.SampleApp", "Isaac.SampleApp\Isaac.SampleApp.csproj", "{42B49766-D41A-425B-8643-CE0DB5D1C76F}"
EndProject
Project("{2150E333-8FDC-42A3-9474-1A3956D46DE8}") = "Models", "Models", "{62309C33-6F3B-4CB8-9D60-5FAAFF8D9DB9}"
EndProject
Project("{2150E333-8FDC-42A3-9474-1A3956D46DE8}") = "Dals", "Dals", "{BF171963-2175-4B35-A7D0-C42EA289ABD0}"
EndProject
Project("{2150E333-8FDC-42A3-9474-1A3956D46DE8}") = "Dtos", "Dtos", "{5280B3D2-7934-43F3-BB03-E308D46EB80E}"
EndProject
Project("{FAE04EC0-301F-11D3-BF4B-00C04F79EFBC}") = "Isaac.SteamRemote", "Isaac.SteamRemote\Isaac.SteamRemote.csproj", "{C62C68AE-3678-4F9F-B575-9A442E2B6D9F}"
EndProject
Project("{FAE04EC0-301F-11D3-BF4B-00C04F79EFBC}") = "Isaac.SampleMvc", "Isaac.SampleMvc\Isaac.SampleMvc.csproj", "{180CBD3A-EB2F-47A3-AF15-B4ED9F40471A}"
EndProject
Global
	GlobalSection(SolutionConfigurationPlatforms) = preSolution
		Debug|Any CPU = Debug|Any CPU
		Release|Any CPU = Release|Any CPU
	EndGlobalSection
	GlobalSection(ProjectConfigurationPlatforms) = postSolution
		{033601D3-5160-43C7-B47A-BAED8CAF4597}.Debug|Any CPU.ActiveCfg = Debug|Any CPU
		{033601D3-5160-43C7-B47A-BAED8CAF4597}.Debug|Any CPU.Build.0 = Debug|Any CPU
		{033601D3-5160-43C7-B47A-BAED8CAF4597}.Release|Any CPU.ActiveCfg = Release|Any CPU
		{033601D3-5160-43C7-B47A-BAED8CAF4597}.Release|Any CPU.Build.0 = Release|Any CPU
		{403E4106-EB2A-422C-9289-072F06881C18}.Debug|Any CPU.ActiveCfg = Debug|Any CPU
		{403E4106-EB2A-422C-9289-072F06881C18}.Debug|Any CPU.Build.0 = Debug|Any CPU
		{403E4106-EB2A-422C-9289-072F06881C18}.Release|Any CPU.ActiveCfg = Release|Any CPU
		{403E4106-EB2A-422C-9289-072F06881C18}.Release|Any CPU.Build.0 = Release|Any CPU
		{0593015B-B826-4FA8-B7B5-08531362FAEB}.Debug|Any CPU.ActiveCfg = Debug|Any CPU
		{0593015B-B826-4FA8-B7B5-08531362FAEB}.Debug|Any CPU.Build.0 = Debug|Any CPU
		{0593015B-B826-4FA8-B7B5-08531362FAEB}.Release|Any CPU.ActiveCfg = Release|Any CPU
		{0593015B-B826-4FA8-B7B5-08531362FAEB}.Release|Any CPU.Build.0 = Release|Any CPU
		{42B49766-D41A-425B-8643-CE0DB5D1C76F}.Debug|Any CPU.ActiveCfg = Debug|Any CPU
		{42B49766-D41A-425B-8643-CE0DB5D1C76F}.Debug|Any CPU.Build.0 = Debug|Any CPU
		{42B49766-D41A-425B-8643-CE0DB5D1C76F}.Release|Any CPU.ActiveCfg = Release|Any CPU
		{42B49766-D41A-425B-8643-CE0DB5D1C76F}.Release|Any CPU.Build.0 = Release|Any CPU
		{C62C68AE-3678-4F9F-B575-9A442E2B6D9F}.Debug|Any CPU.ActiveCfg = Debug|Any CPU
		{C62C68AE-3678-4F9F-B575-9A442E2B6D9F}.Debug|Any CPU.Build.0 = Debug|Any CPU
		{C62C68AE-3678-4F9F-B575-9A442E2B6D9F}.Release|Any CPU.ActiveCfg = Release|Any CPU
		{C62C68AE-3678-4F9F-B575-9A442E2B6D9F}.Release|Any CPU.Build.0 = Release|Any CPU
		{180CBD3A-EB2F-47A3-AF15-B4ED9F40471A}.Debug|Any CPU.ActiveCfg = Debug|Any CPU
		{180CBD3A-EB2F-47A3-AF15-B4ED9F40471A}.Debug|Any CPU.Build.0 = Debug|Any CPU
		{180CBD3A-EB2F-47A3-AF15-B4ED9F40471A}.Release|Any CPU.ActiveCfg = Release|Any CPU
		{180CBD3A-EB2F-47A3-AF15-B4ED9F40471A}.Release|Any CPU.Build.0 = Release|Any CPU
	EndGlobalSection
	GlobalSection(SolutionProperties) = preSolution
		HideSolutionNode = FALSE
	EndGlobalSection
	GlobalSection(NestedProjects) = preSolution
		{033601D3-5160-43C7-B47A-BAED8CAF4597} = {5A9A3204-B8DA-4EB4-A3B7-4B1F69D3CBB5}
		{403E4106-EB2A-422C-9289-072F06881C18} = {5E94EB2E-FC27-4A1C-A2F7-EDB804EC73B3}
		{0593015B-B826-4FA8-B7B5-08531362FAEB} = {5A9A3204-B8DA-4EB4-A3B7-4B1F69D3CBB5}
		{42B49766-D41A-425B-8643-CE0DB5D1C76F} = {5E94EB2E-FC27-4A1C-A2F7-EDB804EC73B3}
		{C62C68AE-3678-4F9F-B575-9A442E2B6D9F} = {5E94EB2E-FC27-4A1C-A2F7-EDB804EC73B3}
		{180CBD3A-EB2F-47A3-AF15-B4ED9F40471A} = {5E94EB2E-FC27-4A1C-A2F7-EDB804EC73B3}
	EndGlobalSection
	GlobalSection(ExtensibilityGlobals) = postSolution
		SolutionGuid = {5044D659-3324-431D-97BE-26BF4EF270CD}
	EndGlobalSection
EndGlobal
